
Microsoft Visual Studio Solution File, Format Version 12.00
# Visual Studio 15
VisualStudioVersion = 15.0.26228.10
MinimumVisualStudioVersion = 10.0.40219.1
Project("{D954291E-2A0B-460D-934E-DC6B0785DB48}") = "CM.Payments.Client.Shared", "CM.Payments.Client.Shared\CM.Payments.Client.Shared.shproj", "{8D854DE8-54F4-4DAD-B05F-21ACBE4A1DFB}"
EndProject
Project("{FAE04EC0-301F-11D3-BF4B-00C04F79EFBC}") = "CM.Payments.Client.Net40", "CM.Payments.Client.Net40\CM.Payments.Client.Net40.csproj", "{CFB93CA7-3C7D-495D-BDFB-53E08AD88899}"
EndProject
Project("{FAE04EC0-301F-11D3-BF4B-00C04F79EFBC}") = "CM.Payments.Client.Test.45", "CM.Payments.Client.Test\CM.Payments.Client.Test.45.csproj", "{F269765B-C6C7-401D-8269-61ADBE4FAEB8}"
EndProject
Project("{FAE04EC0-301F-11D3-BF4B-00C04F79EFBC}") = "CM.Payments.Client.Net45", "CM.Payments.Client.Net45\CM.Payments.Client.Net45.csproj", "{B80C3BB9-940C-4E9C-968B-20FAA28C3D2C}"
EndProject
Project("{FAE04EC0-301F-11D3-BF4B-00C04F79EFBC}") = "CM.Payments.Client.Test.40", "CM.Payments.Client.Test.40\CM.Payments.Client.Test.40.csproj", "{F0F3B79D-CECD-4E3A-911C-7BF70E6832EC}"
EndProject
Project("{9A19103F-16F7-4668-BE54-9A1E7A4F7556}") = "CM.Payments.Client.Core", "CM.Payments.Client.Core\CM.Payments.Client.Core.csproj", "{BAE4ED17-8C0A-4643-9B9E-CA06206B827B}"
EndProject
Project("{2150E333-8FDC-42A3-9474-1A3956D46DE8}") = "Deployment", "Deployment", "{BD6283EA-C314-4F7F-91E9-5ACDCE5AF215}"
	ProjectSection(SolutionItems) = preProject
		..\appveyor.yml = ..\appveyor.yml
		..\CHANGELOG.md = ..\CHANGELOG.md
		CM.Payments.SDK.nuspec = CM.Payments.SDK.nuspec
		..\README.md = ..\README.md
	EndProjectSection
EndProject
Project("{2150E333-8FDC-42A3-9474-1A3956D46DE8}") = "Tests", "Tests", "{9C6B5E7E-F502-4B03-832A-BDED11CF89E9}"
EndProject
Global
	GlobalSection(SharedMSBuildProjectFiles) = preSolution
		CM.Payments.Client.Shared\CM.Payments.Client.Shared.projitems*{8d854de8-54f4-4dad-b05f-21acbe4a1dfb}*SharedItemsImports = 13
		CM.Payments.Client.Shared\CM.Payments.Client.Shared.projitems*{b80c3bb9-940c-4e9c-968b-20faa28c3d2c}*SharedItemsImports = 4
		CM.Payments.Client.Shared\CM.Payments.Client.Shared.projitems*{cfb93ca7-3c7d-495d-bdfb-53e08ad88899}*SharedItemsImports = 4
	EndGlobalSection
	GlobalSection(SolutionConfigurationPlatforms) = preSolution
		Debug|Any CPU = Debug|Any CPU
		Release|Any CPU = Release|Any CPU
	EndGlobalSection
	GlobalSection(ProjectConfigurationPlatforms) = postSolution
		{CFB93CA7-3C7D-495D-BDFB-53E08AD88899}.Debug|Any CPU.ActiveCfg = Debug|Any CPU
		{CFB93CA7-3C7D-495D-BDFB-53E08AD88899}.Debug|Any CPU.Build.0 = Debug|Any CPU
		{CFB93CA7-3C7D-495D-BDFB-53E08AD88899}.Release|Any CPU.ActiveCfg = Release|Any CPU
		{CFB93CA7-3C7D-495D-BDFB-53E08AD88899}.Release|Any CPU.Build.0 = Release|Any CPU
		{F269765B-C6C7-401D-8269-61ADBE4FAEB8}.Debug|Any CPU.ActiveCfg = Debug|Any CPU
		{F269765B-C6C7-401D-8269-61ADBE4FAEB8}.Debug|Any CPU.Build.0 = Debug|Any CPU
		{F269765B-C6C7-401D-8269-61ADBE4FAEB8}.Release|Any CPU.ActiveCfg = Release|Any CPU
		{F269765B-C6C7-401D-8269-61ADBE4FAEB8}.Release|Any CPU.Build.0 = Release|Any CPU
		{B80C3BB9-940C-4E9C-968B-20FAA28C3D2C}.Debug|Any CPU.ActiveCfg = Debug|Any CPU
		{B80C3BB9-940C-4E9C-968B-20FAA28C3D2C}.Debug|Any CPU.Build.0 = Debug|Any CPU
		{B80C3BB9-940C-4E9C-968B-20FAA28C3D2C}.Release|Any CPU.ActiveCfg = Release|Any CPU
		{B80C3BB9-940C-4E9C-968B-20FAA28C3D2C}.Release|Any CPU.Build.0 = Release|Any CPU
		{F0F3B79D-CECD-4E3A-911C-7BF70E6832EC}.Debug|Any CPU.ActiveCfg = Debug|Any CPU
		{F0F3B79D-CECD-4E3A-911C-7BF70E6832EC}.Debug|Any CPU.Build.0 = Debug|Any CPU
		{F0F3B79D-CECD-4E3A-911C-7BF70E6832EC}.Release|Any CPU.ActiveCfg = Release|Any CPU
		{F0F3B79D-CECD-4E3A-911C-7BF70E6832EC}.Release|Any CPU.Build.0 = Release|Any CPU
		{BAE4ED17-8C0A-4643-9B9E-CA06206B827B}.Debug|Any CPU.ActiveCfg = Debug|Any CPU
		{BAE4ED17-8C0A-4643-9B9E-CA06206B827B}.Debug|Any CPU.Build.0 = Debug|Any CPU
		{BAE4ED17-8C0A-4643-9B9E-CA06206B827B}.Release|Any CPU.ActiveCfg = Release|Any CPU
		{BAE4ED17-8C0A-4643-9B9E-CA06206B827B}.Release|Any CPU.Build.0 = Release|Any CPU
	EndGlobalSection
	GlobalSection(SolutionProperties) = preSolution
		HideSolutionNode = FALSE
	EndGlobalSection
	GlobalSection(NestedProjects) = preSolution
		{F269765B-C6C7-401D-8269-61ADBE4FAEB8} = {9C6B5E7E-F502-4B03-832A-BDED11CF89E9}
		{F0F3B79D-CECD-4E3A-911C-7BF70E6832EC} = {9C6B5E7E-F502-4B03-832A-BDED11CF89E9}
	EndGlobalSection
EndGlobal
